// !$*UTF8*$!
{
	archiveVersion = 1;
	classes = {
	};
	objectVersion = 46;
	objects = {

/* Begin PBXBuildFile section */
		86799936192F0D460070DFFF /* SystemConfiguration.framework in Frameworks */ = {isa = PBXBuildFile; fileRef = 86799935192F0D460070DFFF /* SystemConfiguration.framework */; };
		8679993A192F0D580070DFFF /* Security.framework in Frameworks */ = {isa = PBXBuildFile; fileRef = 86799939192F0D580070DFFF /* Security.framework */; };
		8679993C192F0D610070DFFF /* QuartzCore.framework in Frameworks */ = {isa = PBXBuildFile; fileRef = 8679993B192F0D610070DFFF /* QuartzCore.framework */; };
		8679993E192F0D6B0070DFFF /* MobileCoreServices.framework in Frameworks */ = {isa = PBXBuildFile; fileRef = 8679993D192F0D6B0070DFFF /* MobileCoreServices.framework */; };
		86799940192F0D750070DFFF /* libz.1.1.3.dylib in Frameworks */ = {isa = PBXBuildFile; fileRef = 8679993F192F0D750070DFFF /* libz.1.1.3.dylib */; };
		86799942192F0D7D0070DFFF /* CoreLocation.framework in Frameworks */ = {isa = PBXBuildFile; fileRef = 86799941192F0D7D0070DFFF /* CoreLocation.framework */; };
		86799944192F0D860070DFFF /* CFNetwork.framework in Frameworks */ = {isa = PBXBuildFile; fileRef = 86799943192F0D860070DFFF /* CFNetwork.framework */; };
		86799948192F0DA00070DFFF /* AVFoundation.framework in Frameworks */ = {isa = PBXBuildFile; fileRef = 86799947192F0DA00070DFFF /* AVFoundation.framework */; };
		8679994A192F0DB30070DFFF /* CoreData.framework in Frameworks */ = {isa = PBXBuildFile; fileRef = 86799949192F0DB30070DFFF /* CoreData.framework */; };
		8679994D192F0DD10070DFFF /* Parse.framework in Frameworks */ = {isa = PBXBuildFile; fileRef = 8679994C192F0DD10070DFFF /* Parse.framework */; };
		86799950192F0E090070DFFF /* CoreDataStack.m in Sources */ = {isa = PBXBuildFile; fileRef = 8679994F192F0E090070DFFF /* CoreDataStack.m */; };
		86799953192F0ED00070DFFF /* Model.xcdatamodeld in Sources */ = {isa = PBXBuildFile; fileRef = 86799951192F0ED00070DFFF /* Model.xcdatamodeld */; };
		86799957192F17320070DFFF /* SyncTool.m in Sources */ = {isa = PBXBuildFile; fileRef = 86799956192F17320070DFFF /* SyncTool.m */; };
		8679995B192F17DB0070DFFF /* EntityPhrases.m in Sources */ = {isa = PBXBuildFile; fileRef = 8679995A192F17DB0070DFFF /* EntityPhrases.m */; };
		8679995E192FC9B70070DFFF /* SettingTableViewController.m in Sources */ = {isa = PBXBuildFile; fileRef = 8679995D192FC9B70070DFFF /* SettingTableViewController.m */; };
		86799965192FD12D0070DFFF /* appConfig.plist in Resources */ = {isa = PBXBuildFile; fileRef = 86799964192FD12D0070DFFF /* appConfig.plist */; };
		86799969192FD1F40070DFFF /* Settings.m in Sources */ = {isa = PBXBuildFile; fileRef = 86799968192FD1F40070DFFF /* Settings.m */; };
		8679996F193017D00070DFFF /* EntityAppConfig.m in Sources */ = {isa = PBXBuildFile; fileRef = 8679996E193017D00070DFFF /* EntityAppConfig.m */; };
		868CDE401935460F006281EB /* ASReviewPopup.m in Sources */ = {isa = PBXBuildFile; fileRef = 868CDE3F1935460F006281EB /* ASReviewPopup.m */; };
		AA3F0EA1192E5B8B0042186D /* iAd.framework in Frameworks */ = {isa = PBXBuildFile; fileRef = AA3F0EA0192E5B8B0042186D /* iAd.framework */; };
		AA42605A190CBF18006C4E5B /* Foundation.framework in Frameworks */ = {isa = PBXBuildFile; fileRef = AA426059190CBF18006C4E5B /* Foundation.framework */; };
		AA42605C190CBF18006C4E5B /* CoreGraphics.framework in Frameworks */ = {isa = PBXBuildFile; fileRef = AA42605B190CBF18006C4E5B /* CoreGraphics.framework */; };
		AA42605E190CBF18006C4E5B /* UIKit.framework in Frameworks */ = {isa = PBXBuildFile; fileRef = AA42605D190CBF18006C4E5B /* UIKit.framework */; };
		AA426064190CBF18006C4E5B /* InfoPlist.strings in Resources */ = {isa = PBXBuildFile; fileRef = AA426062190CBF18006C4E5B /* InfoPlist.strings */; };
		AA426066190CBF18006C4E5B /* main.m in Sources */ = {isa = PBXBuildFile; fileRef = AA426065190CBF18006C4E5B /* main.m */; };
		AA42606A190CBF18006C4E5B /* cvAppDelegate.m in Sources */ = {isa = PBXBuildFile; fileRef = AA426069190CBF18006C4E5B /* cvAppDelegate.m */; };
		AA42606D190CBF18006C4E5B /* Main.storyboard in Resources */ = {isa = PBXBuildFile; fileRef = AA42606B190CBF18006C4E5B /* Main.storyboard */; };
		AA426070190CBF18006C4E5B /* cvViewController.m in Sources */ = {isa = PBXBuildFile; fileRef = AA42606F190CBF18006C4E5B /* cvViewController.m */; };
		AA426072190CBF18006C4E5B /* Images.xcassets in Resources */ = {isa = PBXBuildFile; fileRef = AA426071190CBF18006C4E5B /* Images.xcassets */; };
		AA426079190CBF18006C4E5B /* XCTest.framework in Frameworks */ = {isa = PBXBuildFile; fileRef = AA426078190CBF18006C4E5B /* XCTest.framework */; };
		AA42607A190CBF18006C4E5B /* Foundation.framework in Frameworks */ = {isa = PBXBuildFile; fileRef = AA426059190CBF18006C4E5B /* Foundation.framework */; };
		AA42607B190CBF18006C4E5B /* UIKit.framework in Frameworks */ = {isa = PBXBuildFile; fileRef = AA42605D190CBF18006C4E5B /* UIKit.framework */; };
		AA426083190CBF18006C4E5B /* InfoPlist.strings in Resources */ = {isa = PBXBuildFile; fileRef = AA426081190CBF18006C4E5B /* InfoPlist.strings */; };
		AA426085190CBF18006C4E5B /* CrystalBallTests.m in Sources */ = {isa = PBXBuildFile; fileRef = AA426084190CBF18006C4E5B /* CrystalBallTests.m */; };
		AA426090190CF0A7006C4E5B /* cvCrystalBall.m in Sources */ = {isa = PBXBuildFile; fileRef = AA42608F190CF0A7006C4E5B /* cvCrystalBall.m */; };
		AA426092190DE0FB006C4E5B /* crystal_ball.mp3 in Resources */ = {isa = PBXBuildFile; fileRef = AA426091190DE0FB006C4E5B /* crystal_ball.mp3 */; };
		AA426094190DE14A006C4E5B /* AudioToolbox.framework in Frameworks */ = {isa = PBXBuildFile; fileRef = AA426093190DE14A006C4E5B /* AudioToolbox.framework */; };
/* End PBXBuildFile section */

/* Begin PBXContainerItemProxy section */
		AA42607C190CBF18006C4E5B /* PBXContainerItemProxy */ = {
			isa = PBXContainerItemProxy;
			containerPortal = AA42604E190CBF18006C4E5B /* Project object */;
			proxyType = 1;
			remoteGlobalIDString = AA426055190CBF18006C4E5B;
			remoteInfo = CrystalBall;
		};
/* End PBXContainerItemProxy section */

/* Begin PBXFileReference section */
		86799935192F0D460070DFFF /* SystemConfiguration.framework */ = {isa = PBXFileReference; lastKnownFileType = wrapper.framework; name = SystemConfiguration.framework; path = System/Library/Frameworks/SystemConfiguration.framework; sourceTree = SDKROOT; };
		86799939192F0D580070DFFF /* Security.framework */ = {isa = PBXFileReference; lastKnownFileType = wrapper.framework; name = Security.framework; path = System/Library/Frameworks/Security.framework; sourceTree = SDKROOT; };
		8679993B192F0D610070DFFF /* QuartzCore.framework */ = {isa = PBXFileReference; lastKnownFileType = wrapper.framework; name = QuartzCore.framework; path = System/Library/Frameworks/QuartzCore.framework; sourceTree = SDKROOT; };
		8679993D192F0D6B0070DFFF /* MobileCoreServices.framework */ = {isa = PBXFileReference; lastKnownFileType = wrapper.framework; name = MobileCoreServices.framework; path = System/Library/Frameworks/MobileCoreServices.framework; sourceTree = SDKROOT; };
		8679993F192F0D750070DFFF /* libz.1.1.3.dylib */ = {isa = PBXFileReference; lastKnownFileType = "compiled.mach-o.dylib"; name = libz.1.1.3.dylib; path = usr/lib/libz.1.1.3.dylib; sourceTree = SDKROOT; };
		86799941192F0D7D0070DFFF /* CoreLocation.framework */ = {isa = PBXFileReference; lastKnownFileType = wrapper.framework; name = CoreLocation.framework; path = System/Library/Frameworks/CoreLocation.framework; sourceTree = SDKROOT; };
		86799943192F0D860070DFFF /* CFNetwork.framework */ = {isa = PBXFileReference; lastKnownFileType = wrapper.framework; name = CFNetwork.framework; path = System/Library/Frameworks/CFNetwork.framework; sourceTree = SDKROOT; };
		86799945192F0D970070DFFF /* AudioUnit.framework */ = {isa = PBXFileReference; lastKnownFileType = wrapper.framework; name = AudioUnit.framework; path = System/Library/Frameworks/AudioUnit.framework; sourceTree = SDKROOT; };
		86799947192F0DA00070DFFF /* AVFoundation.framework */ = {isa = PBXFileReference; lastKnownFileType = wrapper.framework; name = AVFoundation.framework; path = System/Library/Frameworks/AVFoundation.framework; sourceTree = SDKROOT; };
		86799949192F0DB30070DFFF /* CoreData.framework */ = {isa = PBXFileReference; lastKnownFileType = wrapper.framework; name = CoreData.framework; path = System/Library/Frameworks/CoreData.framework; sourceTree = SDKROOT; };
		8679994C192F0DD10070DFFF /* Parse.framework */ = {isa = PBXFileReference; lastKnownFileType = wrapper.framework; path = Parse.framework; sourceTree = "<group>"; };
		8679994E192F0E090070DFFF /* CoreDataStack.h */ = {isa = PBXFileReference; fileEncoding = 4; lastKnownFileType = sourcecode.c.h; path = CoreDataStack.h; sourceTree = "<group>"; };
		8679994F192F0E090070DFFF /* CoreDataStack.m */ = {isa = PBXFileReference; fileEncoding = 4; lastKnownFileType = sourcecode.c.objc; path = CoreDataStack.m; sourceTree = "<group>"; };
		86799952192F0ED00070DFFF /* Model.xcdatamodel */ = {isa = PBXFileReference; lastKnownFileType = wrapper.xcdatamodel; path = Model.xcdatamodel; sourceTree = "<group>"; };
		86799955192F17320070DFFF /* SyncTool.h */ = {isa = PBXFileReference; fileEncoding = 4; lastKnownFileType = sourcecode.c.h; path = SyncTool.h; sourceTree = "<group>"; };
		86799956192F17320070DFFF /* SyncTool.m */ = {isa = PBXFileReference; fileEncoding = 4; lastKnownFileType = sourcecode.c.objc; path = SyncTool.m; sourceTree = "<group>"; };
		86799959192F17DB0070DFFF /* EntityPhrases.h */ = {isa = PBXFileReference; fileEncoding = 4; lastKnownFileType = sourcecode.c.h; path = EntityPhrases.h; sourceTree = "<group>"; };
		8679995A192F17DB0070DFFF /* EntityPhrases.m */ = {isa = PBXFileReference; fileEncoding = 4; lastKnownFileType = sourcecode.c.objc; path = EntityPhrases.m; sourceTree = "<group>"; };
		8679995C192FC9B70070DFFF /* SettingTableViewController.h */ = {isa = PBXFileReference; fileEncoding = 4; lastKnownFileType = sourcecode.c.h; path = SettingTableViewController.h; sourceTree = "<group>"; };
		8679995D192FC9B70070DFFF /* SettingTableViewController.m */ = {isa = PBXFileReference; fileEncoding = 4; lastKnownFileType = sourcecode.c.objc; path = SettingTableViewController.m; sourceTree = "<group>"; };
		86799964192FD12D0070DFFF /* appConfig.plist */ = {isa = PBXFileReference; fileEncoding = 4; lastKnownFileType = text.plist.xml; path = appConfig.plist; sourceTree = SOURCE_ROOT; };
		86799967192FD1F40070DFFF /* Settings.h */ = {isa = PBXFileReference; fileEncoding = 4; lastKnownFileType = sourcecode.c.h; path = Settings.h; sourceTree = "<group>"; };
		86799968192FD1F40070DFFF /* Settings.m */ = {isa = PBXFileReference; fileEncoding = 4; lastKnownFileType = sourcecode.c.objc; path = Settings.m; sourceTree = "<group>"; };
		8679996D193017D00070DFFF /* EntityAppConfig.h */ = {isa = PBXFileReference; fileEncoding = 4; lastKnownFileType = sourcecode.c.h; path = EntityAppConfig.h; sourceTree = "<group>"; };
		8679996E193017D00070DFFF /* EntityAppConfig.m */ = {isa = PBXFileReference; fileEncoding = 4; lastKnownFileType = sourcecode.c.objc; path = EntityAppConfig.m; sourceTree = "<group>"; };
		868CDE3E1935460F006281EB /* ASReviewPopup.h */ = {isa = PBXFileReference; fileEncoding = 4; lastKnownFileType = sourcecode.c.h; path = ASReviewPopup.h; sourceTree = "<group>"; };
		868CDE3F1935460F006281EB /* ASReviewPopup.m */ = {isa = PBXFileReference; fileEncoding = 4; lastKnownFileType = sourcecode.c.objc; path = ASReviewPopup.m; sourceTree = "<group>"; };
		AA3F0EA0192E5B8B0042186D /* iAd.framework */ = {isa = PBXFileReference; lastKnownFileType = wrapper.framework; name = iAd.framework; path = System/Library/Frameworks/iAd.framework; sourceTree = SDKROOT; };
		AA426056190CBF18006C4E5B /* CrystalBall.app */ = {isa = PBXFileReference; explicitFileType = wrapper.application; includeInIndex = 0; path = CrystalBall.app; sourceTree = BUILT_PRODUCTS_DIR; };
		AA426059190CBF18006C4E5B /* Foundation.framework */ = {isa = PBXFileReference; lastKnownFileType = wrapper.framework; name = Foundation.framework; path = System/Library/Frameworks/Foundation.framework; sourceTree = SDKROOT; };
		AA42605B190CBF18006C4E5B /* CoreGraphics.framework */ = {isa = PBXFileReference; lastKnownFileType = wrapper.framework; name = CoreGraphics.framework; path = System/Library/Frameworks/CoreGraphics.framework; sourceTree = SDKROOT; };
		AA42605D190CBF18006C4E5B /* UIKit.framework */ = {isa = PBXFileReference; lastKnownFileType = wrapper.framework; name = UIKit.framework; path = System/Library/Frameworks/UIKit.framework; sourceTree = SDKROOT; };
		AA426061190CBF18006C4E5B /* CrystalBall-Info.plist */ = {isa = PBXFileReference; lastKnownFileType = text.plist.xml; path = "CrystalBall-Info.plist"; sourceTree = "<group>"; };
		AA426063190CBF18006C4E5B /* en */ = {isa = PBXFileReference; lastKnownFileType = text.plist.strings; name = en; path = en.lproj/InfoPlist.strings; sourceTree = "<group>"; };
		AA426065190CBF18006C4E5B /* main.m */ = {isa = PBXFileReference; lastKnownFileType = sourcecode.c.objc; path = main.m; sourceTree = "<group>"; };
		AA426067190CBF18006C4E5B /* CrystalBall-Prefix.pch */ = {isa = PBXFileReference; lastKnownFileType = sourcecode.c.h; path = "CrystalBall-Prefix.pch"; sourceTree = "<group>"; };
		AA426068190CBF18006C4E5B /* cvAppDelegate.h */ = {isa = PBXFileReference; lastKnownFileType = sourcecode.c.h; path = cvAppDelegate.h; sourceTree = "<group>"; };
		AA426069190CBF18006C4E5B /* cvAppDelegate.m */ = {isa = PBXFileReference; lastKnownFileType = sourcecode.c.objc; path = cvAppDelegate.m; sourceTree = "<group>"; };
		AA42606C190CBF18006C4E5B /* Base */ = {isa = PBXFileReference; lastKnownFileType = file.storyboard; name = Base; path = Base.lproj/Main.storyboard; sourceTree = "<group>"; };
		AA42606E190CBF18006C4E5B /* cvViewController.h */ = {isa = PBXFileReference; lastKnownFileType = sourcecode.c.h; path = cvViewController.h; sourceTree = "<group>"; };
		AA42606F190CBF18006C4E5B /* cvViewController.m */ = {isa = PBXFileReference; lastKnownFileType = sourcecode.c.objc; path = cvViewController.m; sourceTree = "<group>"; };
		AA426071190CBF18006C4E5B /* Images.xcassets */ = {isa = PBXFileReference; lastKnownFileType = folder.assetcatalog; path = Images.xcassets; sourceTree = "<group>"; };
		AA426077190CBF18006C4E5B /* CrystalBallTests.xctest */ = {isa = PBXFileReference; explicitFileType = wrapper.cfbundle; includeInIndex = 0; path = CrystalBallTests.xctest; sourceTree = BUILT_PRODUCTS_DIR; };
		AA426078190CBF18006C4E5B /* XCTest.framework */ = {isa = PBXFileReference; lastKnownFileType = wrapper.framework; name = XCTest.framework; path = Library/Frameworks/XCTest.framework; sourceTree = DEVELOPER_DIR; };
		AA426080190CBF18006C4E5B /* CrystalBallTests-Info.plist */ = {isa = PBXFileReference; lastKnownFileType = text.plist.xml; path = "CrystalBallTests-Info.plist"; sourceTree = "<group>"; };
		AA426082190CBF18006C4E5B /* en */ = {isa = PBXFileReference; lastKnownFileType = text.plist.strings; name = en; path = en.lproj/InfoPlist.strings; sourceTree = "<group>"; };
		AA426084190CBF18006C4E5B /* CrystalBallTests.m */ = {isa = PBXFileReference; lastKnownFileType = sourcecode.c.objc; path = CrystalBallTests.m; sourceTree = "<group>"; };
		AA42608E190CF0A7006C4E5B /* cvCrystalBall.h */ = {isa = PBXFileReference; fileEncoding = 4; lastKnownFileType = sourcecode.c.h; path = cvCrystalBall.h; sourceTree = "<group>"; };
		AA42608F190CF0A7006C4E5B /* cvCrystalBall.m */ = {isa = PBXFileReference; fileEncoding = 4; lastKnownFileType = sourcecode.c.objc; path = cvCrystalBall.m; sourceTree = "<group>"; };
		AA426091190DE0FB006C4E5B /* crystal_ball.mp3 */ = {isa = PBXFileReference; lastKnownFileType = audio.mp3; name = crystal_ball.mp3; path = ../crystal_ball.mp3; sourceTree = "<group>"; };
		AA426093190DE14A006C4E5B /* AudioToolbox.framework */ = {isa = PBXFileReference; lastKnownFileType = wrapper.framework; name = AudioToolbox.framework; path = System/Library/Frameworks/AudioToolbox.framework; sourceTree = SDKROOT; };
/* End PBXFileReference section */

/* Begin PBXFrameworksBuildPhase section */
		AA426053190CBF18006C4E5B /* Frameworks */ = {
			isa = PBXFrameworksBuildPhase;
			buildActionMask = 2147483647;
			files = (
				8679994A192F0DB30070DFFF /* CoreData.framework in Frameworks */,
				8679994D192F0DD10070DFFF /* Parse.framework in Frameworks */,
				86799948192F0DA00070DFFF /* AVFoundation.framework in Frameworks */,
				AA426094190DE14A006C4E5B /* AudioToolbox.framework in Frameworks */,
				86799944192F0D860070DFFF /* CFNetwork.framework in Frameworks */,
				86799942192F0D7D0070DFFF /* CoreLocation.framework in Frameworks */,
				86799940192F0D750070DFFF /* libz.1.1.3.dylib in Frameworks */,
				8679993E192F0D6B0070DFFF /* MobileCoreServices.framework in Frameworks */,
				8679993C192F0D610070DFFF /* QuartzCore.framework in Frameworks */,
				8679993A192F0D580070DFFF /* Security.framework in Frameworks */,
				86799936192F0D460070DFFF /* SystemConfiguration.framework in Frameworks */,
				AA3F0EA1192E5B8B0042186D /* iAd.framework in Frameworks */,
				AA42605C190CBF18006C4E5B /* CoreGraphics.framework in Frameworks */,
				AA42605E190CBF18006C4E5B /* UIKit.framework in Frameworks */,
				AA42605A190CBF18006C4E5B /* Foundation.framework in Frameworks */,
			);
			runOnlyForDeploymentPostprocessing = 0;
		};
		AA426074190CBF18006C4E5B /* Frameworks */ = {
			isa = PBXFrameworksBuildPhase;
			buildActionMask = 2147483647;
			files = (
				AA426079190CBF18006C4E5B /* XCTest.framework in Frameworks */,
				AA42607B190CBF18006C4E5B /* UIKit.framework in Frameworks */,
				AA42607A190CBF18006C4E5B /* Foundation.framework in Frameworks */,
			);
			runOnlyForDeploymentPostprocessing = 0;
		};
/* End PBXFrameworksBuildPhase section */

/* Begin PBXGroup section */
		86799954192F17120070DFFF /* IE */ = {
			isa = PBXGroup;
			children = (
				86799955192F17320070DFFF /* SyncTool.h */,
				86799956192F17320070DFFF /* SyncTool.m */,
			);
			name = IE;
			sourceTree = "<group>";
		};
		86799958192F17A60070DFFF /* Model */ = {
			isa = PBXGroup;
			children = (
				8679996D193017D00070DFFF /* EntityAppConfig.h */,
				8679996E193017D00070DFFF /* EntityAppConfig.m */,
				86799959192F17DB0070DFFF /* EntityPhrases.h */,
				8679995A192F17DB0070DFFF /* EntityPhrases.m */,
			);
			name = Model;
			sourceTree = "<group>";
		};
		86799966192FD1D10070DFFF /* settings */ = {
			isa = PBXGroup;
			children = (
				8679995C192FC9B70070DFFF /* SettingTableViewController.h */,
				8679995D192FC9B70070DFFF /* SettingTableViewController.m */,
				86799967192FD1F40070DFFF /* Settings.h */,
				86799968192FD1F40070DFFF /* Settings.m */,
			);
			name = settings;
			sourceTree = "<group>";
		};
		868CDE3C193545DC006281EB /* ExternalClasses */ = {
			isa = PBXGroup;
			children = (
				868CDE3D193545EE006281EB /* ASReviewPopup */,
			);
			name = ExternalClasses;
			sourceTree = "<group>";
		};
		868CDE3D193545EE006281EB /* ASReviewPopup */ = {
			isa = PBXGroup;
			children = (
				868CDE3E1935460F006281EB /* ASReviewPopup.h */,
				868CDE3F1935460F006281EB /* ASReviewPopup.m */,
			);
			name = ASReviewPopup;
			sourceTree = "<group>";
		};
		AA42604D190CBF18006C4E5B = {
			isa = PBXGroup;
			children = (
				AA42606B190CBF18006C4E5B /* Main.storyboard */,
				86799951192F0ED00070DFFF /* Model.xcdatamodeld */,
				AA42605F190CBF18006C4E5B /* CrystalBall */,
				AA42607E190CBF18006C4E5B /* CrystalBallTests */,
				AA426058190CBF18006C4E5B /* Frameworks */,
				AA426057190CBF18006C4E5B /* Products */,
			);
			sourceTree = "<group>";
		};
		AA426057190CBF18006C4E5B /* Products */ = {
			isa = PBXGroup;
			children = (
				AA426056190CBF18006C4E5B /* CrystalBall.app */,
				AA426077190CBF18006C4E5B /* CrystalBallTests.xctest */,
			);
			name = Products;
			sourceTree = "<group>";
		};
		AA426058190CBF18006C4E5B /* Frameworks */ = {
			isa = PBXGroup;
			children = (
				8679994C192F0DD10070DFFF /* Parse.framework */,
				86799949192F0DB30070DFFF /* CoreData.framework */,
				86799947192F0DA00070DFFF /* AVFoundation.framework */,
				86799945192F0D970070DFFF /* AudioUnit.framework */,
				86799943192F0D860070DFFF /* CFNetwork.framework */,
				86799941192F0D7D0070DFFF /* CoreLocation.framework */,
				8679993F192F0D750070DFFF /* libz.1.1.3.dylib */,
				8679993D192F0D6B0070DFFF /* MobileCoreServices.framework */,
				8679993B192F0D610070DFFF /* QuartzCore.framework */,
				86799939192F0D580070DFFF /* Security.framework */,
				86799935192F0D460070DFFF /* SystemConfiguration.framework */,
				AA3F0EA0192E5B8B0042186D /* iAd.framework */,
				AA426093190DE14A006C4E5B /* AudioToolbox.framework */,
				AA426059190CBF18006C4E5B /* Foundation.framework */,
				AA42605B190CBF18006C4E5B /* CoreGraphics.framework */,
				AA42605D190CBF18006C4E5B /* UIKit.framework */,
				AA426078190CBF18006C4E5B /* XCTest.framework */,
			);
			name = Frameworks;
			sourceTree = "<group>";
		};
		AA42605F190CBF18006C4E5B /* CrystalBall */ = {
			isa = PBXGroup;
			children = (
				868CDE3C193545DC006281EB /* ExternalClasses */,
				86799966192FD1D10070DFFF /* settings */,
				AA42606E190CBF18006C4E5B /* cvViewController.h */,
				AA42606F190CBF18006C4E5B /* cvViewController.m */,
				AA42608E190CF0A7006C4E5B /* cvCrystalBall.h */,
				AA42608F190CF0A7006C4E5B /* cvCrystalBall.m */,
				86799958192F17A60070DFFF /* Model */,
				86799954192F17120070DFFF /* IE */,
				AA426071190CBF18006C4E5B /* Images.xcassets */,
				AA426060190CBF18006C4E5B /* Supporting Files */,
			);
			path = CrystalBall;
			sourceTree = "<group>";
		};
		AA426060190CBF18006C4E5B /* Supporting Files */ = {
			isa = PBXGroup;
			children = (
				86799964192FD12D0070DFFF /* appConfig.plist */,
				AA426091190DE0FB006C4E5B /* crystal_ball.mp3 */,
				AA426068190CBF18006C4E5B /* cvAppDelegate.h */,
				AA426069190CBF18006C4E5B /* cvAppDelegate.m */,
				AA426061190CBF18006C4E5B /* CrystalBall-Info.plist */,
				AA426062190CBF18006C4E5B /* InfoPlist.strings */,
				AA426065190CBF18006C4E5B /* main.m */,
				AA426067190CBF18006C4E5B /* CrystalBall-Prefix.pch */,
				8679994E192F0E090070DFFF /* CoreDataStack.h */,
				8679994F192F0E090070DFFF /* CoreDataStack.m */,
			);
			name = "Supporting Files";
			sourceTree = "<group>";
		};
		AA42607E190CBF18006C4E5B /* CrystalBallTests */ = {
			isa = PBXGroup;
			children = (
				AA426084190CBF18006C4E5B /* CrystalBallTests.m */,
				AA42607F190CBF18006C4E5B /* Supporting Files */,
			);
			path = CrystalBallTests;
			sourceTree = "<group>";
		};
		AA42607F190CBF18006C4E5B /* Supporting Files */ = {
			isa = PBXGroup;
			children = (
				AA426080190CBF18006C4E5B /* CrystalBallTests-Info.plist */,
				AA426081190CBF18006C4E5B /* InfoPlist.strings */,
			);
			name = "Supporting Files";
			sourceTree = "<group>";
		};
/* End PBXGroup section */

/* Begin PBXNativeTarget section */
		AA426055190CBF18006C4E5B /* CrystalBall */ = {
			isa = PBXNativeTarget;
			buildConfigurationList = AA426088190CBF19006C4E5B /* Build configuration list for PBXNativeTarget "CrystalBall" */;
			buildPhases = (
				AA426052190CBF18006C4E5B /* Sources */,
				AA426053190CBF18006C4E5B /* Frameworks */,
				AA426054190CBF18006C4E5B /* Resources */,
			);
			buildRules = (
			);
			dependencies = (
			);
			name = CrystalBall;
			productName = CrystalBall;
			productReference = AA426056190CBF18006C4E5B /* CrystalBall.app */;
			productType = "com.apple.product-type.application";
		};
		AA426076190CBF18006C4E5B /* CrystalBallTests */ = {
			isa = PBXNativeTarget;
			buildConfigurationList = AA42608B190CBF19006C4E5B /* Build configuration list for PBXNativeTarget "CrystalBallTests" */;
			buildPhases = (
				AA426073190CBF18006C4E5B /* Sources */,
				AA426074190CBF18006C4E5B /* Frameworks */,
				AA426075190CBF18006C4E5B /* Resources */,
			);
			buildRules = (
			);
			dependencies = (
				AA42607D190CBF18006C4E5B /* PBXTargetDependency */,
			);
			name = CrystalBallTests;
			productName = CrystalBallTests;
			productReference = AA426077190CBF18006C4E5B /* CrystalBallTests.xctest */;
			productType = "com.apple.product-type.bundle.unit-test";
		};
/* End PBXNativeTarget section */

/* Begin PBXProject section */
		AA42604E190CBF18006C4E5B /* Project object */ = {
			isa = PBXProject;
			attributes = {
				CLASSPREFIX = cv;
				LastUpgradeCheck = 0510;
				ORGANIZATIONNAME = "Christian Vazquez";
				TargetAttributes = {
					AA426055190CBF18006C4E5B = {
						DevelopmentTeam = YCPPE5ZM94;
						SystemCapabilities = {
							com.apple.InAppPurchase = {
								enabled = 0;
							};
						};
					};
					AA426076190CBF18006C4E5B = {
						TestTargetID = AA426055190CBF18006C4E5B;
					};
				};
			};
			buildConfigurationList = AA426051190CBF18006C4E5B /* Build configuration list for PBXProject "CrystalBall" */;
			compatibilityVersion = "Xcode 3.2";
			developmentRegion = English;
			hasScannedForEncodings = 0;
			knownRegions = (
				en,
				Base,
			);
			mainGroup = AA42604D190CBF18006C4E5B;
			productRefGroup = AA426057190CBF18006C4E5B /* Products */;
			projectDirPath = "";
			projectRoot = "";
			targets = (
				AA426055190CBF18006C4E5B /* CrystalBall */,
				AA426076190CBF18006C4E5B /* CrystalBallTests */,
			);
		};
/* End PBXProject section */

/* Begin PBXResourcesBuildPhase section */
		AA426054190CBF18006C4E5B /* Resources */ = {
			isa = PBXResourcesBuildPhase;
			buildActionMask = 2147483647;
			files = (
				AA426072190CBF18006C4E5B /* Images.xcassets in Resources */,
				AA426064190CBF18006C4E5B /* InfoPlist.strings in Resources */,
				AA426092190DE0FB006C4E5B /* crystal_ball.mp3 in Resources */,
				86799965192FD12D0070DFFF /* appConfig.plist in Resources */,
				AA42606D190CBF18006C4E5B /* Main.storyboard in Resources */,
			);
			runOnlyForDeploymentPostprocessing = 0;
		};
		AA426075190CBF18006C4E5B /* Resources */ = {
			isa = PBXResourcesBuildPhase;
			buildActionMask = 2147483647;
			files = (
				AA426083190CBF18006C4E5B /* InfoPlist.strings in Resources */,
			);
			runOnlyForDeploymentPostprocessing = 0;
		};
/* End PBXResourcesBuildPhase section */

/* Begin PBXSourcesBuildPhase section */
		AA426052190CBF18006C4E5B /* Sources */ = {
			isa = PBXSourcesBuildPhase;
			buildActionMask = 2147483647;
			files = (
				868CDE401935460F006281EB /* ASReviewPopup.m in Sources */,
				86799950192F0E090070DFFF /* CoreDataStack.m in Sources */,
				8679996F193017D00070DFFF /* EntityAppConfig.m in Sources */,
				AA426090190CF0A7006C4E5B /* cvCrystalBall.m in Sources */,
				86799969192FD1F40070DFFF /* Settings.m in Sources */,
				AA426066190CBF18006C4E5B /* main.m in Sources */,
				AA426070190CBF18006C4E5B /* cvViewController.m in Sources */,
				8679995E192FC9B70070DFFF /* SettingTableViewController.m in Sources */,
				AA42606A190CBF18006C4E5B /* cvAppDelegate.m in Sources */,
				8679995B192F17DB0070DFFF /* EntityPhrases.m in Sources */,
				86799957192F17320070DFFF /* SyncTool.m in Sources */,
				86799953192F0ED00070DFFF /* Model.xcdatamodeld in Sources */,
			);
			runOnlyForDeploymentPostprocessing = 0;
		};
		AA426073190CBF18006C4E5B /* Sources */ = {
			isa = PBXSourcesBuildPhase;
			buildActionMask = 2147483647;
			files = (
				AA426085190CBF18006C4E5B /* CrystalBallTests.m in Sources */,
			);
			runOnlyForDeploymentPostprocessing = 0;
		};
/* End PBXSourcesBuildPhase section */

/* Begin PBXTargetDependency section */
		AA42607D190CBF18006C4E5B /* PBXTargetDependency */ = {
			isa = PBXTargetDependency;
			target = AA426055190CBF18006C4E5B /* CrystalBall */;
			targetProxy = AA42607C190CBF18006C4E5B /* PBXContainerItemProxy */;
		};
/* End PBXTargetDependency section */

/* Begin PBXVariantGroup section */
		AA426062190CBF18006C4E5B /* InfoPlist.strings */ = {
			isa = PBXVariantGroup;
			children = (
				AA426063190CBF18006C4E5B /* en */,
			);
			name = InfoPlist.strings;
			sourceTree = "<group>";
		};
		AA42606B190CBF18006C4E5B /* Main.storyboard */ = {
			isa = PBXVariantGroup;
			children = (
				AA42606C190CBF18006C4E5B /* Base */,
			);
			name = Main.storyboard;
			path = CrystalBall;
			sourceTree = "<group>";
		};
		AA426081190CBF18006C4E5B /* InfoPlist.strings */ = {
			isa = PBXVariantGroup;
			children = (
				AA426082190CBF18006C4E5B /* en */,
			);
			name = InfoPlist.strings;
			sourceTree = "<group>";
		};
/* End PBXVariantGroup section */

/* Begin XCBuildConfiguration section */
		AA426086190CBF19006C4E5B /* Debug */ = {
			isa = XCBuildConfiguration;
			buildSettings = {
				ALWAYS_SEARCH_USER_PATHS = NO;
				CLANG_CXX_LANGUAGE_STANDARD = "gnu++0x";
				CLANG_CXX_LIBRARY = "libc++";
				CLANG_ENABLE_MODULES = YES;
				CLANG_ENABLE_OBJC_ARC = YES;
				CLANG_WARN_BOOL_CONVERSION = YES;
				CLANG_WARN_CONSTANT_CONVERSION = YES;
				CLANG_WARN_DIRECT_OBJC_ISA_USAGE = YES_ERROR;
				CLANG_WARN_EMPTY_BODY = YES;
				CLANG_WARN_ENUM_CONVERSION = YES;
				CLANG_WARN_INT_CONVERSION = YES;
				CLANG_WARN_OBJC_ROOT_CLASS = YES_ERROR;
				CLANG_WARN__DUPLICATE_METHOD_MATCH = YES;
				"CODE_SIGN_IDENTITY[sdk=iphoneos*]" = "iPhone Developer";
				COPY_PHASE_STRIP = NO;
				GCC_C_LANGUAGE_STANDARD = gnu99;
				GCC_DYNAMIC_NO_PIC = NO;
				GCC_OPTIMIZATION_LEVEL = 0;
				GCC_PREPROCESSOR_DEFINITIONS = (
					"DEBUG=1",
					"$(inherited)",
				);
				GCC_SYMBOLS_PRIVATE_EXTERN = NO;
				GCC_WARN_64_TO_32_BIT_CONVERSION = YES;
				GCC_WARN_ABOUT_RETURN_TYPE = YES_ERROR;
				GCC_WARN_UNDECLARED_SELECTOR = YES;
				GCC_WARN_UNINITIALIZED_AUTOS = YES_AGGRESSIVE;
				GCC_WARN_UNUSED_FUNCTION = YES;
				GCC_WARN_UNUSED_VARIABLE = YES;
				IPHONEOS_DEPLOYMENT_TARGET = 7.1;
				ONLY_ACTIVE_ARCH = YES;
				SDKROOT = iphoneos;
			};
			name = Debug;
		};
		AA426087190CBF19006C4E5B /* Release */ = {
			isa = XCBuildConfiguration;
			buildSettings = {
				ALWAYS_SEARCH_USER_PATHS = NO;
				CLANG_CXX_LANGUAGE_STANDARD = "gnu++0x";
				CLANG_CXX_LIBRARY = "libc++";
				CLANG_ENABLE_MODULES = YES;
				CLANG_ENABLE_OBJC_ARC = YES;
				CLANG_WARN_BOOL_CONVERSION = YES;
				CLANG_WARN_CONSTANT_CONVERSION = YES;
				CLANG_WARN_DIRECT_OBJC_ISA_USAGE = YES_ERROR;
				CLANG_WARN_EMPTY_BODY = YES;
				CLANG_WARN_ENUM_CONVERSION = YES;
				CLANG_WARN_INT_CONVERSION = YES;
				CLANG_WARN_OBJC_ROOT_CLASS = YES_ERROR;
				CLANG_WARN__DUPLICATE_METHOD_MATCH = YES;
				"CODE_SIGN_IDENTITY[sdk=iphoneos*]" = "iPhone Developer";
				COPY_PHASE_STRIP = YES;
				ENABLE_NS_ASSERTIONS = NO;
				GCC_C_LANGUAGE_STANDARD = gnu99;
				GCC_WARN_64_TO_32_BIT_CONVERSION = YES;
				GCC_WARN_ABOUT_RETURN_TYPE = YES_ERROR;
				GCC_WARN_UNDECLARED_SELECTOR = YES;
				GCC_WARN_UNINITIALIZED_AUTOS = YES_AGGRESSIVE;
				GCC_WARN_UNUSED_FUNCTION = YES;
				GCC_WARN_UNUSED_VARIABLE = YES;
				IPHONEOS_DEPLOYMENT_TARGET = 7.1;
				SDKROOT = iphoneos;
				VALIDATE_PRODUCT = YES;
			};
			name = Release;
		};
		AA426089190CBF19006C4E5B /* Debug */ = {
			isa = XCBuildConfiguration;
			buildSettings = {
				ASSETCATALOG_COMPILER_APPICON_NAME = AppIcon;
				ASSETCATALOG_COMPILER_LAUNCHIMAGE_NAME = LaunchImage;
				CODE_SIGN_IDENTITY = "iPhone Developer";
				"CODE_SIGN_IDENTITY[sdk=*]" = "iPhone Developer: Christian Vazquez (HJ5QEV8KJN)";
				"CODE_SIGN_IDENTITY[sdk=iphoneos*]" = "iPhone Developer: Christian Vazquez (HJ5QEV8KJN)";
				FRAMEWORK_SEARCH_PATHS = (
					"$(inherited)",
					"$(DEVELOPER_FRAMEWORKS_DIR)",
					"$(PROJECT_DIR)",
				);
				GCC_PRECOMPILE_PREFIX_HEADER = YES;
				GCC_PREFIX_HEADER = "CrystalBall/CrystalBall-Prefix.pch";
				INFOPLIST_FILE = "CrystalBall/CrystalBall-Info.plist";
				PRODUCT_NAME = "$(TARGET_NAME)";
				PROVISIONING_PROFILE = "B5CB9E03-508E-42B3-B1A3-B3641732402F";
				WRAPPER_EXTENSION = app;
			};
			name = Debug;
		};
		AA42608A190CBF19006C4E5B /* Release */ = {
			isa = XCBuildConfiguration;
			buildSettings = {
				ASSETCATALOG_COMPILER_APPICON_NAME = AppIcon;
				ASSETCATALOG_COMPILER_LAUNCHIMAGE_NAME = LaunchImage;
				CODE_SIGN_IDENTITY = "iPhone Distribution: Christian Vazquez (YCPPE5ZM94)";
				"CODE_SIGN_IDENTITY[sdk=iphoneos*]" = "iPhone Distribution: Christian Vazquez (YCPPE5ZM94)";
				FRAMEWORK_SEARCH_PATHS = (
					"$(inherited)",
					"$(DEVELOPER_FRAMEWORKS_DIR)",
					"$(PROJECT_DIR)",
				);
				GCC_PRECOMPILE_PREFIX_HEADER = YES;
				GCC_PREFIX_HEADER = "CrystalBall/CrystalBall-Prefix.pch";
				INFOPLIST_FILE = "CrystalBall/CrystalBall-Info.plist";
				PRODUCT_NAME = "$(TARGET_NAME)";
				PROVISIONING_PROFILE = "EB934F68-46C4-4AA4-B238-1BDF29B3186F";
				WRAPPER_EXTENSION = app;
			};
			name = Release;
		};
		AA42608C190CBF19006C4E5B /* Debug */ = {
			isa = XCBuildConfiguration;
			buildSettings = {
				BUNDLE_LOADER = "$(BUILT_PRODUCTS_DIR)/CrystalBall.app/CrystalBall";
				FRAMEWORK_SEARCH_PATHS = (
					"$(SDKROOT)/Developer/Library/Frameworks",
					"$(inherited)",
					"$(DEVELOPER_FRAMEWORKS_DIR)",
				);
				GCC_PRECOMPILE_PREFIX_HEADER = YES;
				GCC_PREFIX_HEADER = "CrystalBall/CrystalBall-Prefix.pch";
				GCC_PREPROCESSOR_DEFINITIONS = (
					"DEBUG=1",
					"$(inherited)",
				);
				INFOPLIST_FILE = "CrystalBallTests/CrystalBallTests-Info.plist";
				PRODUCT_NAME = "$(TARGET_NAME)";
				TEST_HOST = "$(BUNDLE_LOADER)";
				WRAPPER_EXTENSION = xctest;
			};
			name = Debug;
		};
		AA42608D190CBF19006C4E5B /* Release */ = {
			isa = XCBuildConfiguration;
			buildSettings = {
				BUNDLE_LOADER = "$(BUILT_PRODUCTS_DIR)/CrystalBall.app/CrystalBall";
				FRAMEWORK_SEARCH_PATHS = (
					"$(SDKROOT)/Developer/Library/Frameworks",
					"$(inherited)",
					"$(DEVELOPER_FRAMEWORKS_DIR)",
				);
				GCC_PRECOMPILE_PREFIX_HEADER = YES;
				GCC_PREFIX_HEADER = "CrystalBall/CrystalBall-Prefix.pch";
				INFOPLIST_FILE = "CrystalBallTests/CrystalBallTests-Info.plist";
				PRODUCT_NAME = "$(TARGET_NAME)";
				TEST_HOST = "$(BUNDLE_LOADER)";
				WRAPPER_EXTENSION = xctest;
			};
			name = Release;
		};
/* End XCBuildConfiguration section */

/* Begin XCConfigurationList section */
		AA426051190CBF18006C4E5B /* Build configuration list for PBXProject "CrystalBall" */ = {
			isa = XCConfigurationList;
			buildConfigurations = (
				AA426086190CBF19006C4E5B /* Debug */,
				AA426087190CBF19006C4E5B /* Release */,
			);
			defaultConfigurationIsVisible = 0;
			defaultConfigurationName = Release;
		};
		AA426088190CBF19006C4E5B /* Build configuration list for PBXNativeTarget "CrystalBall" */ = {
			isa = XCConfigurationList;
			buildConfigurations = (
				AA426089190CBF19006C4E5B /* Debug */,
				AA42608A190CBF19006C4E5B /* Release */,
			);
			defaultConfigurationIsVisible = 0;
			defaultConfigurationName = Release;
		};
		AA42608B190CBF19006C4E5B /* Build configuration list for PBXNativeTarget "CrystalBallTests" */ = {
			isa = XCConfigurationList;
			buildConfigurations = (
				AA42608C190CBF19006C4E5B /* Debug */,
				AA42608D190CBF19006C4E5B /* Release */,
			);
			defaultConfigurationIsVisible = 0;
			defaultConfigurationName = Release;
		};
/* End XCConfigurationList section */

/* Begin XCVersionGroup section */
		86799951192F0ED00070DFFF /* Model.xcdatamodeld */ = {
			isa = XCVersionGroup;
			children = (
				86799952192F0ED00070DFFF /* Model.xcdatamodel */,
			);
			currentVersion = 86799952192F0ED00070DFFF /* Model.xcdatamodel */;
			path = Model.xcdatamodeld;
			sourceTree = "<group>";
			versionGroupType = wrapper.xcdatamodel;
		};
/* End XCVersionGroup section */
	};
	rootObject = AA42604E190CBF18006C4E5B /* Project object */;
}
